
Microsoft Visual Studio Solution File, Format Version 12.00
# Visual Studio Version 17
VisualStudioVersion = 17.2.32630.192
MinimumVisualStudioVersion = 10.0.40219.1
Project("{8BC9CEB8-8B4A-11D0-8D11-00A0C91BC942}") = "StringAlgorithm", "StringAlgorithm\StringAlgorithm.vcxproj", "{51BD482D-7E33-4039-A72A-E460275CEC84}"
EndProject
Project("{8BC9CEB8-8B4A-11D0-8D11-00A0C91BC942}") = "SortAlgorithm", "SortAlgorithm\SortAlgorithm.vcxproj", "{FC084D20-5482-4938-916E-4A06A0B113EF}"
EndProject
Project("{8BC9CEB8-8B4A-11D0-8D11-00A0C91BC942}") = "KMPAlgorithm", "KMPAlgorithm\KMPAlgorithm.vcxproj", "{42239326-8110-4256-A705-EA4E0D19776B}"
EndProject
Project("{8BC9CEB8-8B4A-11D0-8D11-00A0C91BC942}") = "Fibonachi", "Fibonachi\Fibonachi.vcxproj", "{53ABA58A-B369-46A1-9C4F-A1867C3DCD5C}"
EndProject
Project("{8BC9CEB8-8B4A-11D0-8D11-00A0C91BC942}") = "Eratos", "Eratos\Eratos.vcxproj", "{536A50DE-9149-4061-BEFA-975865D02E85}"
EndProject
Project("{8BC9CEB8-8B4A-11D0-8D11-00A0C91BC942}") = "DijkstraAlgorithm", "DijkstraAlgorithm\DijkstraAlgorithm.vcxproj", "{D8B07720-99DE-42C7-8D1E-160388E0B396}"
EndProject
Project("{8BC9CEB8-8B4A-11D0-8D11-00A0C91BC942}") = "TowerOfHanoi", "TowerOfHanoi\TowerOfHanoi.vcxproj", "{46A9577F-8729-4D80-BC0B-953576F35559}"
EndProject
Project("{8BC9CEB8-8B4A-11D0-8D11-00A0C91BC942}") = "Exercise", "Exercise\Exercise.vcxproj", "{D42A9BB1-7F48-4320-888D-3CD553DCF811}"
EndProject
Project("{8BC9CEB8-8B4A-11D0-8D11-00A0C91BC942}") = "EuclideanAlgorithm", "EuclideanAlgorithm\EuclideanAlgorithm.vcxproj", "{BE89C4C1-E6A9-4DBD-9660-38570119EC86}"
EndProject
Project("{8BC9CEB8-8B4A-11D0-8D11-00A0C91BC942}") = "DynamicProgramming", "DynamicProgramming\DynamicProgramming.vcxproj", "{7FAF468B-A6CA-4795-A6F3-44ECFA5C9384}"
EndProject
Global
	GlobalSection(SolutionConfigurationPlatforms) = preSolution
		Debug|Any CPU = Debug|Any CPU
		Debug|x64 = Debug|x64
		Debug|x86 = Debug|x86
		Release|Any CPU = Release|Any CPU
		Release|x64 = Release|x64
		Release|x86 = Release|x86
	EndGlobalSection
	GlobalSection(ProjectConfigurationPlatforms) = postSolution
		{51BD482D-7E33-4039-A72A-E460275CEC84}.Debug|Any CPU.ActiveCfg = Debug|x64
		{51BD482D-7E33-4039-A72A-E460275CEC84}.Debug|Any CPU.Build.0 = Debug|x64
		{51BD482D-7E33-4039-A72A-E460275CEC84}.Debug|x64.ActiveCfg = Debug|x64
		{51BD482D-7E33-4039-A72A-E460275CEC84}.Debug|x64.Build.0 = Debug|x64
		{51BD482D-7E33-4039-A72A-E460275CEC84}.Debug|x86.ActiveCfg = Debug|Win32
		{51BD482D-7E33-4039-A72A-E460275CEC84}.Debug|x86.Build.0 = Debug|Win32
		{51BD482D-7E33-4039-A72A-E460275CEC84}.Release|Any CPU.ActiveCfg = Release|x64
		{51BD482D-7E33-4039-A72A-E460275CEC84}.Release|Any CPU.Build.0 = Release|x64
		{51BD482D-7E33-4039-A72A-E460275CEC84}.Release|x64.ActiveCfg = Release|x64
		{51BD482D-7E33-4039-A72A-E460275CEC84}.Release|x64.Build.0 = Release|x64
		{51BD482D-7E33-4039-A72A-E460275CEC84}.Release|x86.ActiveCfg = Release|Win32
		{51BD482D-7E33-4039-A72A-E460275CEC84}.Release|x86.Build.0 = Release|Win32
		{FC084D20-5482-4938-916E-4A06A0B113EF}.Debug|Any CPU.ActiveCfg = Debug|x64
		{FC084D20-5482-4938-916E-4A06A0B113EF}.Debug|Any CPU.Build.0 = Debug|x64
		{FC084D20-5482-4938-916E-4A06A0B113EF}.Debug|x64.ActiveCfg = Debug|x64
		{FC084D20-5482-4938-916E-4A06A0B113EF}.Debug|x64.Build.0 = Debug|x64
		{FC084D20-5482-4938-916E-4A06A0B113EF}.Debug|x86.ActiveCfg = Debug|Win32
		{FC084D20-5482-4938-916E-4A06A0B113EF}.Debug|x86.Build.0 = Debug|Win32
		{FC084D20-5482-4938-916E-4A06A0B113EF}.Release|Any CPU.ActiveCfg = Release|x64
		{FC084D20-5482-4938-916E-4A06A0B113EF}.Release|Any CPU.Build.0 = Release|x64
		{FC084D20-5482-4938-916E-4A06A0B113EF}.Release|x64.ActiveCfg = Release|x64
		{FC084D20-5482-4938-916E-4A06A0B113EF}.Release|x64.Build.0 = Release|x64
		{FC084D20-5482-4938-916E-4A06A0B113EF}.Release|x86.ActiveCfg = Release|Win32
		{FC084D20-5482-4938-916E-4A06A0B113EF}.Release|x86.Build.0 = Release|Win32
		{42239326-8110-4256-A705-EA4E0D19776B}.Debug|Any CPU.ActiveCfg = Debug|x64
		{42239326-8110-4256-A705-EA4E0D19776B}.Debug|Any CPU.Build.0 = Debug|x64
		{42239326-8110-4256-A705-EA4E0D19776B}.Debug|x64.ActiveCfg = Debug|x64
		{42239326-8110-4256-A705-EA4E0D19776B}.Debug|x64.Build.0 = Debug|x64
		{42239326-8110-4256-A705-EA4E0D19776B}.Debug|x86.ActiveCfg = Debug|Win32
		{42239326-8110-4256-A705-EA4E0D19776B}.Debug|x86.Build.0 = Debug|Win32
		{42239326-8110-4256-A705-EA4E0D19776B}.Release|Any CPU.ActiveCfg = Release|x64
		{42239326-8110-4256-A705-EA4E0D19776B}.Release|Any CPU.Build.0 = Release|x64
		{42239326-8110-4256-A705-EA4E0D19776B}.Release|x64.ActiveCfg = Release|x64
		{42239326-8110-4256-A705-EA4E0D19776B}.Release|x64.Build.0 = Release|x64
		{42239326-8110-4256-A705-EA4E0D19776B}.Release|x86.ActiveCfg = Release|Win32
		{42239326-8110-4256-A705-EA4E0D19776B}.Release|x86.Build.0 = Release|Win32
		{53ABA58A-B369-46A1-9C4F-A1867C3DCD5C}.Debug|Any CPU.ActiveCfg = Debug|x64
		{53ABA58A-B369-46A1-9C4F-A1867C3DCD5C}.Debug|Any CPU.Build.0 = Debug|x64
		{53ABA58A-B369-46A1-9C4F-A1867C3DCD5C}.Debug|x64.ActiveCfg = Debug|x64
		{53ABA58A-B369-46A1-9C4F-A1867C3DCD5C}.Debug|x64.Build.0 = Debug|x64
		{53ABA58A-B369-46A1-9C4F-A1867C3DCD5C}.Debug|x86.ActiveCfg = Debug|Win32
		{53ABA58A-B369-46A1-9C4F-A1867C3DCD5C}.Debug|x86.Build.0 = Debug|Win32
		{53ABA58A-B369-46A1-9C4F-A1867C3DCD5C}.Release|Any CPU.ActiveCfg = Release|x64
		{53ABA58A-B369-46A1-9C4F-A1867C3DCD5C}.Release|Any CPU.Build.0 = Release|x64
		{53ABA58A-B369-46A1-9C4F-A1867C3DCD5C}.Release|x64.ActiveCfg = Release|x64
		{53ABA58A-B369-46A1-9C4F-A1867C3DCD5C}.Release|x64.Build.0 = Release|x64
		{53ABA58A-B369-46A1-9C4F-A1867C3DCD5C}.Release|x86.ActiveCfg = Release|Win32
		{53ABA58A-B369-46A1-9C4F-A1867C3DCD5C}.Release|x86.Build.0 = Release|Win32
		{536A50DE-9149-4061-BEFA-975865D02E85}.Debug|Any CPU.ActiveCfg = Debug|x64
		{536A50DE-9149-4061-BEFA-975865D02E85}.Debug|Any CPU.Build.0 = Debug|x64
		{536A50DE-9149-4061-BEFA-975865D02E85}.Debug|x64.ActiveCfg = Debug|x64
		{536A50DE-9149-4061-BEFA-975865D02E85}.Debug|x64.Build.0 = Debug|x64
		{536A50DE-9149-4061-BEFA-975865D02E85}.Debug|x86.ActiveCfg = Debug|Win32
		{536A50DE-9149-4061-BEFA-975865D02E85}.Debug|x86.Build.0 = Debug|Win32
		{536A50DE-9149-4061-BEFA-975865D02E85}.Release|Any CPU.ActiveCfg = Release|x64
		{536A50DE-9149-4061-BEFA-975865D02E85}.Release|Any CPU.Build.0 = Release|x64
		{536A50DE-9149-4061-BEFA-975865D02E85}.Release|x64.ActiveCfg = Release|x64
		{536A50DE-9149-4061-BEFA-975865D02E85}.Release|x64.Build.0 = Release|x64
		{536A50DE-9149-4061-BEFA-975865D02E85}.Release|x86.ActiveCfg = Release|Win32
		{536A50DE-9149-4061-BEFA-975865D02E85}.Release|x86.Build.0 = Release|Win32
		{D8B07720-99DE-42C7-8D1E-160388E0B396}.Debug|Any CPU.ActiveCfg = Debug|x64
		{D8B07720-99DE-42C7-8D1E-160388E0B396}.Debug|Any CPU.Build.0 = Debug|x64
		{D8B07720-99DE-42C7-8D1E-160388E0B396}.Debug|x64.ActiveCfg = Debug|x64
		{D8B07720-99DE-42C7-8D1E-160388E0B396}.Debug|x64.Build.0 = Debug|x64
		{D8B07720-99DE-42C7-8D1E-160388E0B396}.Debug|x86.ActiveCfg = Debug|Win32
		{D8B07720-99DE-42C7-8D1E-160388E0B396}.Debug|x86.Build.0 = Debug|Win32
		{D8B07720-99DE-42C7-8D1E-160388E0B396}.Release|Any CPU.ActiveCfg = Release|x64
		{D8B07720-99DE-42C7-8D1E-160388E0B396}.Release|Any CPU.Build.0 = Release|x64
		{D8B07720-99DE-42C7-8D1E-160388E0B396}.Release|x64.ActiveCfg = Release|x64
		{D8B07720-99DE-42C7-8D1E-160388E0B396}.Release|x64.Build.0 = Release|x64
		{D8B07720-99DE-42C7-8D1E-160388E0B396}.Release|x86.ActiveCfg = Release|Win32
		{D8B07720-99DE-42C7-8D1E-160388E0B396}.Release|x86.Build.0 = Release|Win32
		{46A9577F-8729-4D80-BC0B-953576F35559}.Debug|Any CPU.ActiveCfg = Debug|x64
		{46A9577F-8729-4D80-BC0B-953576F35559}.Debug|Any CPU.Build.0 = Debug|x64
		{46A9577F-8729-4D80-BC0B-953576F35559}.Debug|x64.ActiveCfg = Debug|x64
		{46A9577F-8729-4D80-BC0B-953576F35559}.Debug|x64.Build.0 = Debug|x64
		{46A9577F-8729-4D80-BC0B-953576F35559}.Debug|x86.ActiveCfg = Debug|Win32
		{46A9577F-8729-4D80-BC0B-953576F35559}.Debug|x86.Build.0 = Debug|Win32
		{46A9577F-8729-4D80-BC0B-953576F35559}.Release|Any CPU.ActiveCfg = Release|x64
		{46A9577F-8729-4D80-BC0B-953576F35559}.Release|Any CPU.Build.0 = Release|x64
		{46A9577F-8729-4D80-BC0B-953576F35559}.Release|x64.ActiveCfg = Release|x64
		{46A9577F-8729-4D80-BC0B-953576F35559}.Release|x64.Build.0 = Release|x64
		{46A9577F-8729-4D80-BC0B-953576F35559}.Release|x86.ActiveCfg = Release|Win32
		{46A9577F-8729-4D80-BC0B-953576F35559}.Release|x86.Build.0 = Release|Win32
		{D42A9BB1-7F48-4320-888D-3CD553DCF811}.Debug|Any CPU.ActiveCfg = Debug|x64
		{D42A9BB1-7F48-4320-888D-3CD553DCF811}.Debug|Any CPU.Build.0 = Debug|x64
		{D42A9BB1-7F48-4320-888D-3CD553DCF811}.Debug|x64.ActiveCfg = Debug|x64
		{D42A9BB1-7F48-4320-888D-3CD553DCF811}.Debug|x64.Build.0 = Debug|x64
		{D42A9BB1-7F48-4320-888D-3CD553DCF811}.Debug|x86.ActiveCfg = Debug|Win32
		{D42A9BB1-7F48-4320-888D-3CD553DCF811}.Debug|x86.Build.0 = Debug|Win32
		{D42A9BB1-7F48-4320-888D-3CD553DCF811}.Release|Any CPU.ActiveCfg = Release|x64
		{D42A9BB1-7F48-4320-888D-3CD553DCF811}.Release|Any CPU.Build.0 = Release|x64
		{D42A9BB1-7F48-4320-888D-3CD553DCF811}.Release|x64.ActiveCfg = Release|x64
		{D42A9BB1-7F48-4320-888D-3CD553DCF811}.Release|x64.Build.0 = Release|x64
		{D42A9BB1-7F48-4320-888D-3CD553DCF811}.Release|x86.ActiveCfg = Release|Win32
		{D42A9BB1-7F48-4320-888D-3CD553DCF811}.Release|x86.Build.0 = Release|Win32
		{BE89C4C1-E6A9-4DBD-9660-38570119EC86}.Debug|Any CPU.ActiveCfg = Debug|x64
		{BE89C4C1-E6A9-4DBD-9660-38570119EC86}.Debug|Any CPU.Build.0 = Debug|x64
		{BE89C4C1-E6A9-4DBD-9660-38570119EC86}.Debug|x64.ActiveCfg = Debug|x64
		{BE89C4C1-E6A9-4DBD-9660-38570119EC86}.Debug|x64.Build.0 = Debug|x64
		{BE89C4C1-E6A9-4DBD-9660-38570119EC86}.Debug|x86.ActiveCfg = Debug|Win32
		{BE89C4C1-E6A9-4DBD-9660-38570119EC86}.Debug|x86.Build.0 = Debug|Win32
		{BE89C4C1-E6A9-4DBD-9660-38570119EC86}.Release|Any CPU.ActiveCfg = Release|x64
		{BE89C4C1-E6A9-4DBD-9660-38570119EC86}.Release|Any CPU.Build.0 = Release|x64
		{BE89C4C1-E6A9-4DBD-9660-38570119EC86}.Release|x64.ActiveCfg = Release|x64
		{BE89C4C1-E6A9-4DBD-9660-38570119EC86}.Release|x64.Build.0 = Release|x64
		{BE89C4C1-E6A9-4DBD-9660-38570119EC86}.Release|x86.ActiveCfg = Release|Win32
		{BE89C4C1-E6A9-4DBD-9660-38570119EC86}.Release|x86.Build.0 = Release|Win32
		{7FAF468B-A6CA-4795-A6F3-44ECFA5C9384}.Debug|Any CPU.ActiveCfg = Debug|x64
		{7FAF468B-A6CA-4795-A6F3-44ECFA5C9384}.Debug|Any CPU.Build.0 = Debug|x64
		{7FAF468B-A6CA-4795-A6F3-44ECFA5C9384}.Debug|x64.ActiveCfg = Debug|x64
		{7FAF468B-A6CA-4795-A6F3-44ECFA5C9384}.Debug|x64.Build.0 = Debug|x64
		{7FAF468B-A6CA-4795-A6F3-44ECFA5C9384}.Debug|x86.ActiveCfg = Debug|Win32
		{7FAF468B-A6CA-4795-A6F3-44ECFA5C9384}.Debug|x86.Build.0 = Debug|Win32
		{7FAF468B-A6CA-4795-A6F3-44ECFA5C9384}.Release|Any CPU.ActiveCfg = Release|x64
		{7FAF468B-A6CA-4795-A6F3-44ECFA5C9384}.Release|Any CPU.Build.0 = Release|x64
		{7FAF468B-A6CA-4795-A6F3-44ECFA5C9384}.Release|x64.ActiveCfg = Release|x64
		{7FAF468B-A6CA-4795-A6F3-44ECFA5C9384}.Release|x64.Build.0 = Release|x64
		{7FAF468B-A6CA-4795-A6F3-44ECFA5C9384}.Release|x86.ActiveCfg = Release|Win32
		{7FAF468B-A6CA-4795-A6F3-44ECFA5C9384}.Release|x86.Build.0 = Release|Win32
	EndGlobalSection
	GlobalSection(SolutionProperties) = preSolution
		HideSolutionNode = FALSE
	EndGlobalSection
	GlobalSection(ExtensibilityGlobals) = postSolution
		SolutionGuid = {F0837E41-750E-42AC-B985-9D56FBEDDD48}
	EndGlobalSection
EndGlobal
